
Microsoft Visual Studio Solution File, Format Version 12.00
Project("{FAE04EC0-301F-11D3-BF4B-00C04F79EFBC}") = "AdventOfCode2021", "AdventOfCode2021\AdventOfCode2021.csproj", "{D38DBDBD-9D6C-45C4-A919-EEF93556612B}"
EndProject
Project("{FAE04EC0-301F-11D3-BF4B-00C04F79EFBC}") = "AdventOfCode2021.Tests", "AdventOfCode2021.Tests\AdventOfCode2021.Tests.csproj", "{949A06E8-6B72-4DA8-ADBB-8B9B55405449}"
EndProject
Global
	GlobalSection(SolutionConfigurationPlatforms) = preSolution
		Debug|Any CPU = Debug|Any CPU
		Release|Any CPU = Release|Any CPU
	EndGlobalSection
	GlobalSection(ProjectConfigurationPlatforms) = postSolution
		{D38DBDBD-9D6C-45C4-A919-EEF93556612B}.Debug|Any CPU.ActiveCfg = Debug|Any CPU
		{D38DBDBD-9D6C-45C4-A919-EEF93556612B}.Debug|Any CPU.Build.0 = Debug|Any CPU
		{D38DBDBD-9D6C-45C4-A919-EEF93556612B}.Release|Any CPU.ActiveCfg = Release|Any CPU
		{D38DBDBD-9D6C-45C4-A919-EEF93556612B}.Release|Any CPU.Build.0 = Release|Any CPU
		{949A06E8-6B72-4DA8-ADBB-8B9B55405449}.Debug|Any CPU.ActiveCfg = Debug|Any CPU
		{949A06E8-6B72-4DA8-ADBB-8B9B55405449}.Debug|Any CPU.Build.0 = Debug|Any CPU
		{949A06E8-6B72-4DA8-ADBB-8B9B55405449}.Release|Any CPU.ActiveCfg = Release|Any CPU
		{949A06E8-6B72-4DA8-ADBB-8B9B55405449}.Release|Any CPU.Build.0 = Release|Any CPU
	EndGlobalSection
EndGlobal
